
Microsoft Visual Studio Solution File, Format Version 12.00
# Visual Studio Version 16
VisualStudioVersion = 16.0.31321.278
MinimumVisualStudioVersion = 10.0.40219.1
Project("{FAE04EC0-301F-11D3-BF4B-00C04F79EFBC}") = "Cromer-Kayla_hw3-pt1", "Cromer-Kayla_hw3-pt1\Cromer-Kayla_hw3-pt1.csproj", "{44A7B14F-CBCE-4187-911A-FBCE1C2DA2D6}"
EndProject
Global
	GlobalSection(SolutionConfigurationPlatforms) = preSolution
		Debug|Any CPU = Debug|Any CPU
		Release|Any CPU = Release|Any CPU
	EndGlobalSection
	GlobalSection(ProjectConfigurationPlatforms) = postSolution
		{44A7B14F-CBCE-4187-911A-FBCE1C2DA2D6}.Debug|Any CPU.ActiveCfg = Debug|Any CPU
		{44A7B14F-CBCE-4187-911A-FBCE1C2DA2D6}.Debug|Any CPU.Build.0 = Debug|Any CPU
		{44A7B14F-CBCE-4187-911A-FBCE1C2DA2D6}.Release|Any CPU.ActiveCfg = Release|Any CPU
		{44A7B14F-CBCE-4187-911A-FBCE1C2DA2D6}.Release|Any CPU.Build.0 = Release|Any CPU
	EndGlobalSection
	GlobalSection(SolutionProperties) = preSolution
		HideSolutionNode = FALSE
	EndGlobalSection
	GlobalSection(ExtensibilityGlobals) = postSolution
		SolutionGuid = {FBE36D06-6D29-44C8-951E-46DF1FE02D34}
	EndGlobalSection
EndGlobal
