
Microsoft Visual Studio Solution File, Format Version 12.00
# Visual Studio Version 16
VisualStudioVersion = 16.0.31321.278
MinimumVisualStudioVersion = 10.0.40219.1
Project("{FAE04EC0-301F-11D3-BF4B-00C04F79EFBC}") = "Cromer-Kayla_hw3_deck", "Cromer-Kayla_hw3_deck\Cromer-Kayla_hw3_deck.csproj", "{156CDE52-754D-479C-851E-71017F22A27A}"
EndProject
Global
	GlobalSection(SolutionConfigurationPlatforms) = preSolution
		Debug|Any CPU = Debug|Any CPU
		Release|Any CPU = Release|Any CPU
	EndGlobalSection
	GlobalSection(ProjectConfigurationPlatforms) = postSolution
		{156CDE52-754D-479C-851E-71017F22A27A}.Debug|Any CPU.ActiveCfg = Debug|Any CPU
		{156CDE52-754D-479C-851E-71017F22A27A}.Debug|Any CPU.Build.0 = Debug|Any CPU
		{156CDE52-754D-479C-851E-71017F22A27A}.Release|Any CPU.ActiveCfg = Release|Any CPU
		{156CDE52-754D-479C-851E-71017F22A27A}.Release|Any CPU.Build.0 = Release|Any CPU
	EndGlobalSection
	GlobalSection(SolutionProperties) = preSolution
		HideSolutionNode = FALSE
	EndGlobalSection
	GlobalSection(ExtensibilityGlobals) = postSolution
		SolutionGuid = {A67A2346-452E-4EA3-B758-FC562F1083FF}
	EndGlobalSection
EndGlobal
